
Microsoft Visual Studio Solution File, Format Version 12.00
# Visual Studio Version 16
VisualStudioVersion = 16.0.30002.166
MinimumVisualStudioVersion = 10.0.40219.1
Project("{FAE04EC0-301F-11D3-BF4B-00C04F79EFBC}") = "Todo.Application", "Todo.Application\Todo.Application.csproj", "{A6B65CDB-E2B6-46F6-8AF9-41CFEB214678}"
EndProject
Project("{FAE04EC0-301F-11D3-BF4B-00C04F79EFBC}") = "Todo.Api", "Todo.Api\Todo.Api.csproj", "{299CB6A1-DE40-4EEA-9424-487447CAD7AF}"
EndProject
Project("{FAE04EC0-301F-11D3-BF4B-00C04F79EFBC}") = "Todo.Infrastructure", "Todo.Infrastructure\Todo.Infrastructure.csproj", "{7A5D86C0-80A1-4C6F-9943-0CA9007F4E34}"
EndProject
Project("{FAE04EC0-301F-11D3-BF4B-00C04F79EFBC}") = "Todo.Tests", "Todo.Tests\Todo.Tests.csproj", "{F3ED1F9A-FFF7-4694-BEA3-0360F7FD14C5}"
EndProject
Global
	GlobalSection(SolutionConfigurationPlatforms) = preSolution
		Debug|Any CPU = Debug|Any CPU
		Release|Any CPU = Release|Any CPU
	EndGlobalSection
	GlobalSection(ProjectConfigurationPlatforms) = postSolution
		{A6B65CDB-E2B6-46F6-8AF9-41CFEB214678}.Debug|Any CPU.ActiveCfg = Debug|Any CPU
		{A6B65CDB-E2B6-46F6-8AF9-41CFEB214678}.Debug|Any CPU.Build.0 = Debug|Any CPU
		{A6B65CDB-E2B6-46F6-8AF9-41CFEB214678}.Release|Any CPU.ActiveCfg = Release|Any CPU
		{A6B65CDB-E2B6-46F6-8AF9-41CFEB214678}.Release|Any CPU.Build.0 = Release|Any CPU
		{299CB6A1-DE40-4EEA-9424-487447CAD7AF}.Debug|Any CPU.ActiveCfg = Debug|Any CPU
		{299CB6A1-DE40-4EEA-9424-487447CAD7AF}.Debug|Any CPU.Build.0 = Debug|Any CPU
		{299CB6A1-DE40-4EEA-9424-487447CAD7AF}.Release|Any CPU.ActiveCfg = Release|Any CPU
		{299CB6A1-DE40-4EEA-9424-487447CAD7AF}.Release|Any CPU.Build.0 = Release|Any CPU
		{7A5D86C0-80A1-4C6F-9943-0CA9007F4E34}.Debug|Any CPU.ActiveCfg = Debug|Any CPU
		{7A5D86C0-80A1-4C6F-9943-0CA9007F4E34}.Debug|Any CPU.Build.0 = Debug|Any CPU
		{7A5D86C0-80A1-4C6F-9943-0CA9007F4E34}.Release|Any CPU.ActiveCfg = Release|Any CPU
		{7A5D86C0-80A1-4C6F-9943-0CA9007F4E34}.Release|Any CPU.Build.0 = Release|Any CPU
		{F3ED1F9A-FFF7-4694-BEA3-0360F7FD14C5}.Debug|Any CPU.ActiveCfg = Debug|Any CPU
		{F3ED1F9A-FFF7-4694-BEA3-0360F7FD14C5}.Debug|Any CPU.Build.0 = Debug|Any CPU
		{F3ED1F9A-FFF7-4694-BEA3-0360F7FD14C5}.Release|Any CPU.ActiveCfg = Release|Any CPU
		{F3ED1F9A-FFF7-4694-BEA3-0360F7FD14C5}.Release|Any CPU.Build.0 = Release|Any CPU
	EndGlobalSection
	GlobalSection(SolutionProperties) = preSolution
		HideSolutionNode = FALSE
	EndGlobalSection
	GlobalSection(ExtensibilityGlobals) = postSolution
		SolutionGuid = {60984BC9-01D1-4B40-9733-E459B1231F96}
	EndGlobalSection
EndGlobal
